{
  "name": "x",
  "version": "1.0.0",
  "lockfileVersion": 3,
  "requires": true,
  "packages": {
    "": {
      "name": "x",
      "version": "1.0.0",
      "license": "ISC",
      "dependencies": {
        "test": "file:",
        "x": "file:"
      }
    },
    "node_modules/test": {
      "resolved": "",
      "link": true
    },
    "node_modules/x": {
      "resolved": "",
      "link": true
    }
  }
}
